<?xml version="1.0" encoding="utf-8"?>
<Project ToolsVersion="4.0" xmlns="http://schemas.microsoft.com/developer/msbuild/2003">
  <ItemGroup>
    <Filter Include="源文件">
      <UniqueIdentifier>{4FC737F1-C7A5-4376-A066-2A32D752A2FF}</UniqueIdentifier>
      <Extensions>cpp;c;cc;cxx;def;odl;idl;hpj;bat;asm;asmx</Extensions>
    </Filter>
    <Filter Include="头文件">
      <UniqueIdentifier>{93995380-89BD-4b04-88EB-625FBE52EBFB}</UniqueIdentifier>
      <Extensions>h;hh;hpp;hxx;hm;inl;inc;xsd</Extensions>
    </Filter>
    <Filter Include="资源文件">
      <UniqueIdentifier>{67DA6AB6-F800-4c08-8B7A-83BB121AAD01}</UniqueIdentifier>
      <Extensions>rc;ico;cur;bmp;dlg;rc2;rct;bin;rgs;gif;jpg;jpeg;jpe;resx;tiff;tif;png;wav;mfcribbon-ms</Extensions>
    </Filter>
    <Filter Include="头文件\GL">
      <UniqueIdentifier>{1787232a-e15a-4161-93ea-a47d3a88ab81}</UniqueIdentifier>
    </Filter>
    <Filter Include="Shader">
      <UniqueIdentifier>{325ae987-2dd7-440e-bd27-16637ffde415}</UniqueIdentifier>
    </Filter>
  </ItemGroup>
  <ItemGroup>
    <ClInclude Include="include\shader.h">
      <Filter>头文件</Filter>
    </ClInclude>
    <ClInclude Include="include\textfile.h">
      <Filter>头文件</Filter>
    </ClInclude>
    <ClInclude Include="include\GL\glut.h">
      <Filter>头文件\GL</Filter>
    </ClInclude>
    <ClInclude Include="include\stanford_bunny.h">
      <Filter>头文件</Filter>
    </ClInclude>
  </ItemGroup>
  <ItemGroup>
    <ClCompile Include="src\ogl3.cpp">
      <Filter>源文件</Filter>
    </ClCompile>
    <ClCompile Include="src\shader.cpp">
      <Filter>源文件</Filter>
    </ClCompile>
    <ClCompile Include="src\textfile.cpp">
      <Filter>源文件</Filter>
    </ClCompile>
    <ClCompile Include="src\stanford_bunny.cpp">
      <Filter>源文件</Filter>
    </ClCompile>
  </ItemGroup>
  <ItemGroup>
    <None Include="shader\custom.frag">
      <Filter>Shader</Filter>
    </None>
    <None Include="shader\custom.vert">
      <Filter>Shader</Filter>
    </None>
    <None Include="shader\light.frag">
      <Filter>Shader</Filter>
    </None>
    <None Include="shader\light.vert">
      <Filter>Shader</Filter>
    </None>
  </ItemGroup>
</Project>