Microsoft Visual Studio Solution File, Format Version 9.00
# Visual Studio 2005
Project("{8BC9CEB8-8B4A-11D0-8D11-00A0C91BC942}") = "TemplateProject", "TemplateProject.vcproj", "{9B0AA7AC-D20A-47E9-B7D8-82AFD63BDD92}"
EndProject
Global
	GlobalSection(SolutionConfigurationPlatforms) = preSolution
		Debug|Win32 = Debug|Win32
		Release|Win32 = Release|Win32
	EndGlobalSection
	GlobalSection(ProjectConfigurationPlatforms) = postSolution
		{9B0AA7AC-D20A-47E9-B7D8-82AFD63BDD92}.Debug|Win32.ActiveCfg = Debug|Win32
		{9B0AA7AC-D20A-47E9-B7D8-82AFD63BDD92}.Debug|Win32.Build.0 = Debug|Win32
		{9B0AA7AC-D20A-47E9-B7D8-82AFD63BDD92}.Release|Win32.ActiveCfg = Release|Win32
		{9B0AA7AC-D20A-47E9-B7D8-82AFD63BDD92}.Release|Win32.Build.0 = Release|Win32
	EndGlobalSection
	GlobalSection(SolutionProperties) = preSolution
		HideSolutionNode = FALSE
	EndGlobalSection
EndGlobal
